
Microsoft Visual Studio Solution File, Format Version 12.00
# Visual Studio Version 16
VisualStudioVersion = 16.0.29230.47
MinimumVisualStudioVersion = 10.0.40219.1
Project("{FAE04EC0-301F-11D3-BF4B-00C04F79EFBC}") = "squares-sorted-order", "squares-sorted-order.csproj", "{8D6D7152-7A83-4CAA-827C-78CB880F2023}"
EndProject
Global
	GlobalSection(SolutionConfigurationPlatforms) = preSolution
		Debug|Any CPU = Debug|Any CPU
		Release|Any CPU = Release|Any CPU
	EndGlobalSection
	GlobalSection(ProjectConfigurationPlatforms) = postSolution
		{8D6D7152-7A83-4CAA-827C-78CB880F2023}.Debug|Any CPU.ActiveCfg = Debug|Any CPU
		{8D6D7152-7A83-4CAA-827C-78CB880F2023}.Debug|Any CPU.Build.0 = Debug|Any CPU
		{8D6D7152-7A83-4CAA-827C-78CB880F2023}.Release|Any CPU.ActiveCfg = Release|Any CPU
		{8D6D7152-7A83-4CAA-827C-78CB880F2023}.Release|Any CPU.Build.0 = Release|Any CPU
	EndGlobalSection
	GlobalSection(SolutionProperties) = preSolution
		HideSolutionNode = FALSE
	EndGlobalSection
	GlobalSection(ExtensibilityGlobals) = postSolution
		SolutionGuid = {FA9CE947-7BF0-4B02-8390-D6B9C72673CF}
	EndGlobalSection
EndGlobal
